
Microsoft Visual Studio Solution File, Format Version 12.00
# Visual Studio Version 16
VisualStudioVersion = 16.0.32630.194
MinimumVisualStudioVersion = 10.0.40219.1
Project("{888888A0-9F3D-457C-B088-3A5042F75D52}") = "Yuz_Tanima", "Yuz_Tanima\Yuz_Tanima.pyproj", "{76BA0BCE-655C-406A-A542-A56F8207417A}"
EndProject
Global
	GlobalSection(SolutionConfigurationPlatforms) = preSolution
		Debug|Any CPU = Debug|Any CPU
		Release|Any CPU = Release|Any CPU
	EndGlobalSection
	GlobalSection(ProjectConfigurationPlatforms) = postSolution
		{76BA0BCE-655C-406A-A542-A56F8207417A}.Debug|Any CPU.ActiveCfg = Debug|Any CPU
		{76BA0BCE-655C-406A-A542-A56F8207417A}.Release|Any CPU.ActiveCfg = Release|Any CPU
	EndGlobalSection
	GlobalSection(SolutionProperties) = preSolution
		HideSolutionNode = FALSE
	EndGlobalSection
	GlobalSection(ExtensibilityGlobals) = postSolution
		SolutionGuid = {70B6881D-2ABD-4025-9698-81741E3A6EC9}
	EndGlobalSection
EndGlobal
